{
  "version": 1,
  "dependencies": {
    "net10.0": {
      "coverlet.collector": {
        "type": "Direct",
        "requested": "[6.0.4, )",
        "resolved": "6.0.4",
        "contentHash": "lkhqpF8Pu2Y7IiN7OntbsTtdbpR1syMsm2F3IgX6ootA4ffRqWL5jF7XipHuZQTdVuWG/gVAAcf8mjk8Tz0xPg=="
      },
      "Microsoft.Maui.Controls": {
        "type": "Direct",
        "requested": "[9.0.40, )",
        "resolved": "9.0.40",
        "contentHash": "qJaFEeM/lYpFIjmXWuqV+PXGWFfZV4h2iKH673OAirAAJx77AoU9lnGDr9RxXtEgCSfbTOeSpkEBwkcuid+sZw==",
        "dependencies": {
          "Microsoft.Maui.Controls.Build.Tasks": "9.0.40",
          "Microsoft.Maui.Controls.Core": "9.0.40",
          "Microsoft.Maui.Controls.Xaml": "9.0.40",
          "Microsoft.Maui.Resizetizer": "9.0.40"
        }
      },
      "Microsoft.Maui.Controls.Compatibility": {
        "type": "Direct",
        "requested": "[9.0.40, )",
        "resolved": "9.0.40",
        "contentHash": "gkUn9ID5eNfMP9gIkVCg2ZqDhlWj6pHbtjOTVjKoPRFLupte8k+pBFwYgkTX8LBD4EfrNIGWNFDe+3t7B1i8kw==",
        "dependencies": {
          "Microsoft.Extensions.Configuration": "9.0.0",
          "Microsoft.Extensions.Logging.Abstractions": "9.0.0",
          "Microsoft.Maui.Controls.Core": "9.0.40",
          "Microsoft.Maui.Controls.Xaml": "9.0.40"
        }
      },
      "Microsoft.Maui.Controls.Maps": {
        "type": "Direct",
        "requested": "[9.0.40, )",
        "resolved": "9.0.40",
        "contentHash": "swlBW75zAzeXR1EFSoygKya1/oGkZN17QBk5rgHf6JcWlAZ6QAxCW5x1f4rhQdkMikJgLpkQLVEEY2LPX2xSPQ==",
        "dependencies": {
          "Microsoft.Maui.Maps": "9.0.40"
        }
      },
      "Microsoft.NET.Test.Sdk": {
        "type": "Direct",
        "requested": "[17.13.0, )",
        "resolved": "17.13.0",
        "contentHash": "W19wCPizaIC9Zh47w8wWI/yxuqR7/dtABwOrc8r2jX/8mUNxM2vw4fXDh+DJTeogxV+KzKwg5jNNGQVwf3LXyA==",
        "dependencies": {
          "Microsoft.CodeCoverage": "17.13.0",
          "Microsoft.TestPlatform.TestHost": "17.13.0"
        }
      },
      "MSTest.TestAdapter": {
        "type": "Direct",
        "requested": "[3.8.2, )",
        "resolved": "3.8.2",
        "contentHash": "Xzch3LrRJKzIMP6D956W0DEy8NInkNSXS9novzEC72hMz8VlhDamRNDsR+b5QMvct+1TTIWRvw6cBHtiMB6Ajw==",
        "dependencies": {
          "Microsoft.Testing.Extensions.VSTestBridge": "1.6.2",
          "Microsoft.Testing.Platform.MSBuild": "1.6.2"
        }
      },
      "MSTest.TestFramework": {
        "type": "Direct",
        "requested": "[3.8.2, )",
        "resolved": "3.8.2",
        "contentHash": "GE6TAA3yC6rYFZcUY7NprA4muVKtTCgoPwFPLu+Q0XgNjcIBa7C1O+hGT23mWwyiAyzVOH6G33pHsJS8mI2hqA==",
        "dependencies": {
          "MSTest.Analyzers": "3.8.2"
        }
      },
      "CommunityToolkit.Maui": {
        "type": "Transitive",
        "resolved": "9.1.1",
        "contentHash": "vDFIMhs/NRKEaHrrxq3AR3qEnfc0L6nno3/ZEFRUctDdwcYKNfmx8aof1lj8++dX+56c282SLHyuCnN6eH2Mpg==",
        "dependencies": {
          "CommunityToolkit.Maui.Core": "9.1.1",
          "Microsoft.Maui.Controls": "8.0.71"
        }
      },
      "CommunityToolkit.Maui.Core": {
        "type": "Transitive",
        "resolved": "9.1.1",
        "contentHash": "2O5bgBnwYLKXUMSA4a0hd3ildtr9t5Rw109y7Lz0udnX4C9JrW8Xi1mLDuUcNmK+U37gulhJGLb2tCMc+cbo3w==",
        "dependencies": {
          "Microsoft.Maui.Core": "8.0.71",
          "Microsoft.Maui.Essentials": "8.0.71"
        }
      },
      "CommunityToolkit.Mvvm": {
        "type": "Transitive",
        "resolved": "8.3.2",
        "contentHash": "m8EolE1A0Updj68WTsZSGI6VWb6mUqHPh7QFo0kt7+JPhYMNXRS1ch8TS/oITAdcxTLrwMOp3ku1KjeG1/Zdpg=="
      },
      "Google.Protobuf": {
        "type": "Transitive",
        "resolved": "3.29.3",
        "contentHash": "t7nZFFUFwigCwZ+nIXHDLweXvwIpsOXi+P7J7smPT/QjI3EKxnCzTQOhBqyEh6XEzc/pNH+bCFOOSjatrPt6Tw=="
      },
      "Grpc.Core.Api": {
        "type": "Transitive",
        "resolved": "2.67.0",
        "contentHash": "cL1/2f8kc8lsAGNdfCU25deedXVehhLA6GXKLLN4hAWx16XN7BmjYn3gFU+FBpir5yJynvDTHEypr3Tl0j7x/Q=="
      },
      "Grpc.Net.Client": {
        "type": "Transitive",
        "resolved": "2.67.0",
        "contentHash": "ofTjJQfegWkVlk5R4k/LlwpcucpsBzntygd4iAeuKd/eLMkmBWoXN+xcjYJ5IibAahRpIJU461jABZvT6E9dwA==",
        "dependencies": {
          "Grpc.Net.Common": "2.67.0",
          "Microsoft.Extensions.Logging.Abstractions": "6.0.0"
        }
      },
      "Grpc.Net.Common": {
        "type": "Transitive",
        "resolved": "2.67.0",
        "contentHash": "gazn1cD2Eol0/W5ZJRV4PYbNrxJ9oMs8pGYux5S9E4MymClvl7aqYSmpqgmWAUWvziRqK9K+yt3cjCMfQ3x/5A==",
        "dependencies": {
          "Grpc.Core.Api": "2.67.0"
        }
      },
      "IdentityModel": {
        "type": "Transitive",
        "resolved": "7.0.0",
        "contentHash": "to99aLL5Gev1GOb2gUao/UZXT/uXMyjEmHPNrf/vJI2HBD1LMCTeC4SBCe/cqMIB12V9v+eSieq7ff0lju9pOQ=="
      },
      "IdentityModel.OidcClient": {
        "type": "Transitive",
        "resolved": "6.0.0",
        "contentHash": "m2PZbjeG3nXIQ72NLZvFz3FLFk7GmqLnxO/ifUvaTEE3BDZXp7DXAdjDP6TQKaL20+wDnej2ffA1Yh3vVcJOkA==",
        "dependencies": {
          "IdentityModel": "7.0.0",
          "Microsoft.Extensions.Logging.Abstractions": "8.0.0"
        }
      },
      "Microsoft.ApplicationInsights": {
        "type": "Transitive",
        "resolved": "2.22.0",
        "contentHash": "3AOM9bZtku7RQwHyMEY3tQMrHIgjcfRDa6YQpd/QG2LDGvMydSlL9Di+8LLMt7J2RDdfJ7/2jdYv6yHcMJAnNw=="
      },
      "Microsoft.CodeCoverage": {
        "type": "Transitive",
        "resolved": "17.13.0",
        "contentHash": "9LIUy0y+DvUmEPtbRDw6Bay3rzwqFV8P4efTrK4CZhQle3M/QwLPjISghfcolmEGAPWxuJi6m98ZEfk4VR4Lfg=="
      },
      "Microsoft.Extensions.Configuration": {
        "type": "Transitive",
        "resolved": "9.0.0",
        "contentHash": "YIMO9T3JL8MeEXgVozKt2v79hquo/EFtnY0vgxmLnUvk1Rei/halI7kOWZL2RBeV9FMGzgM9LZA8CVaNwFMaNA==",
        "dependencies": {
          "Microsoft.Extensions.Configuration.Abstractions": "9.0.0",
          "Microsoft.Extensions.Primitives": "9.0.0"
        }
      },
      "Microsoft.Extensions.Configuration.Abstractions": {
        "type": "Transitive",
        "resolved": "9.0.0",
        "contentHash": "lqvd7W3FGKUO1+ZoUEMaZ5XDJeWvjpy2/M/ptCGz3tXLD4HWVaSzjufsAsjemasBEg+2SxXVtYVvGt5r2nKDlg==",
        "dependencies": {
          "Microsoft.Extensions.Primitives": "9.0.0"
        }
      },
      "Microsoft.Extensions.DependencyInjection": {
        "type": "Transitive",
        "resolved": "9.0.0",
        "contentHash": "MCPrg7v3QgNMr0vX4vzRXvkNGgLg8vKWX0nKCWUxu2uPyMsaRgiRc1tHBnbTcfJMhMKj2slE/j2M9oGkd25DNw==",
        "dependencies": {
          "Microsoft.Extensions.DependencyInjection.Abstractions": "9.0.0"
        }
      },
      "Microsoft.Extensions.DependencyInjection.Abstractions": {
        "type": "Transitive",
        "resolved": "9.0.0",
        "contentHash": "+6f2qv2a3dLwd5w6JanPIPs47CxRbnk+ZocMJUhv9NxP88VlOcJYZs9jY+MYSjxvady08bUZn6qgiNh7DadGgg=="
      },
      "Microsoft.Extensions.Logging": {
        "type": "Transitive",
        "resolved": "9.0.0",
        "contentHash": "crjWyORoug0kK7RSNJBTeSE6VX8IQgLf3nUpTB9m62bPXp/tzbnOsnbe8TXEG0AASNaKZddnpHKw7fET8E++Pg==",
        "dependencies": {
          "Microsoft.Extensions.DependencyInjection": "9.0.0",
          "Microsoft.Extensions.Logging.Abstractions": "9.0.0",
          "Microsoft.Extensions.Options": "9.0.0"
        }
      },
      "Microsoft.Extensions.Logging.Abstractions": {
        "type": "Transitive",
        "resolved": "9.0.0",
        "contentHash": "g0UfujELzlLbHoVG8kPKVBaW470Ewi+jnptGS9KUi6jcb+k2StujtK3m26DFSGGwQ/+bVgZfsWqNzlP6YOejvw==",
        "dependencies": {
          "Microsoft.Extensions.DependencyInjection.Abstractions": "9.0.0"
        }
      },
      "Microsoft.Extensions.Logging.Debug": {
        "type": "Transitive",
        "resolved": "9.0.0",
        "contentHash": "4wGlHsrLhYjLw4sFkfRixu2w4DK7dv60OjbvgbLGhUJk0eUPxYHhnszZ/P18nnAkfrPryvtOJ3ZTVev0kpqM6A==",
        "dependencies": {
          "Microsoft.Extensions.DependencyInjection.Abstractions": "9.0.0",
          "Microsoft.Extensions.Logging": "9.0.0",
          "Microsoft.Extensions.Logging.Abstractions": "9.0.0"
        }
      },
      "Microsoft.Extensions.Options": {
        "type": "Transitive",
        "resolved": "9.0.0",
        "contentHash": "y2146b3jrPI3Q0lokKXdKLpmXqakYbDIPDV6r3M8SqvSf45WwOTzkyfDpxnZXJsJQEpAsAqjUq5Pu8RCJMjubg==",
        "dependencies": {
          "Microsoft.Extensions.DependencyInjection.Abstractions": "9.0.0",
          "Microsoft.Extensions.Primitives": "9.0.0"
        }
      },
      "Microsoft.Extensions.Primitives": {
        "type": "Transitive",
        "resolved": "9.0.0",
        "contentHash": "N3qEBzmLMYiASUlKxxFIISP4AiwuPTHF5uCh+2CWSwwzAJiIYx0kBJsS30cp1nvhSySFAVi30jecD307jV+8Kg=="
      },
      "Microsoft.Maui.Controls.Build.Tasks": {
        "type": "Transitive",
        "resolved": "9.0.40",
        "contentHash": "GmXxSikkW4LwCSP5zflxMqKGsl5RCD2ILKekQB9aHOk5Vz/jj02e+jhUVDCcXoenbKQt4Cy5c6fi0nHB+X4xdA==",
        "dependencies": {
          "Microsoft.Maui.Controls.Core": "9.0.40",
          "Microsoft.Maui.Controls.Xaml": "9.0.40"
        }
      },
      "Microsoft.Maui.Controls.Core": {
        "type": "Transitive",
        "resolved": "9.0.40",
        "contentHash": "eiAlaaPRpoN2X196G65NzZ9y5cCYaGK8wc34D/61RJoSDoIMkqyMgaFLfoZZPkaN4j9is6lg/fNJ8+0BUn9hbQ==",
        "dependencies": {
          "Microsoft.Extensions.Configuration": "9.0.0",
          "Microsoft.Extensions.DependencyInjection": "9.0.0",
          "Microsoft.Extensions.Logging": "9.0.0",
          "Microsoft.Extensions.Logging.Abstractions": "9.0.0",
          "Microsoft.Maui.Core": "9.0.40"
        }
      },
      "Microsoft.Maui.Controls.Xaml": {
        "type": "Transitive",
        "resolved": "9.0.40",
        "contentHash": "Hvs6PdT5jW57Bkz1qMyKjEl60h1Vc37cbwy7H18s7eyh+TAPhvQd8HI8c/t4p1IsBFTyRSZ01L+JZRiEJqvKUA==",
        "dependencies": {
          "Microsoft.Extensions.Configuration": "9.0.0",
          "Microsoft.Maui.Controls.Core": "9.0.40",
          "Microsoft.Maui.Core": "9.0.40"
        }
      },
      "Microsoft.Maui.Core": {
        "type": "Transitive",
        "resolved": "9.0.40",
        "contentHash": "bdMC8gZzwlqyolTma5D+gjFpR8dxne9MvMUWtzW5Edr85v1VEQv5ZHcTZ9Lla2AeXkaDj+WWC4SEpIrtd9YweQ==",
        "dependencies": {
          "Microsoft.Extensions.Configuration": "9.0.0",
          "Microsoft.Extensions.DependencyInjection": "9.0.0",
          "Microsoft.Extensions.Logging": "9.0.0",
          "Microsoft.Extensions.Logging.Abstractions": "9.0.0",
          "Microsoft.Maui.Essentials": "9.0.40",
          "Microsoft.Maui.Graphics": "9.0.40"
        }
      },
      "Microsoft.Maui.Essentials": {
        "type": "Transitive",
        "resolved": "9.0.40",
        "contentHash": "bVbLoZmAyLjlUiYf85aKq3TIqcIHZteHu6RqiG7RA3Gs6G7F1Tj7rEh9l4Nbl3UCxu36548JZNbTKfElzJUWyA==",
        "dependencies": {
          "Microsoft.Maui.Graphics": "9.0.40"
        }
      },
      "Microsoft.Maui.Graphics": {
        "type": "Transitive",
        "resolved": "9.0.40",
        "contentHash": "RqTcO4BzxrgXyjVFfZ7Pt3TsRfOp2Q+GIL+qrCzFDacAj+GKkruTkoj9VOgfZ7Ct/TIRNCUOv4yt90mpmsjtZg=="
      },
      "Microsoft.Maui.Maps": {
        "type": "Transitive",
        "resolved": "9.0.40",
        "contentHash": "M7ZRLIQwAKcZY4f0Ak/VYZi6MpTk1SFM9c4h28ZYLh5Ie4h24bS/vYuFpHnKGRMaqWweIuzX5b9fT0BS8wRb6w=="
      },
      "Microsoft.Maui.Resizetizer": {
        "type": "Transitive",
        "resolved": "9.0.40",
        "contentHash": "phCeRjp1whbMJiW/tFZtRN2eNZ1BD4jwHqCriFNvQ7Hli0PhGEhgkPuKilEs87L9wNNZPsrIS81zTH9MReFLfg=="
      },
      "Microsoft.Testing.Extensions.Telemetry": {
        "type": "Transitive",
        "resolved": "1.6.2",
        "contentHash": "40oMlQzyey4jOihY0IpUufSoMYeijYgvrtIxuYmuVx1k5xl271XlP0gwD2DwAKnvmmP0cocou531d6/CB3cCIA==",
        "dependencies": {
          "Microsoft.ApplicationInsights": "2.22.0",
          "Microsoft.Testing.Platform": "1.6.2"
        }
      },
      "Microsoft.Testing.Extensions.TrxReport.Abstractions": {
        "type": "Transitive",
        "resolved": "1.6.2",
        "contentHash": "EE4PoYoRtrTKE0R22bXuBguVgdEeepImy0S8xHaZOcGz5AuahB2i+0CV4UTefLqO1dtbA4APfumpP1la+Yn3SA==",
        "dependencies": {
          "Microsoft.Testing.Platform": "1.6.2"
        }
      },
      "Microsoft.Testing.Extensions.VSTestBridge": {
        "type": "Transitive",
        "resolved": "1.6.2",
        "contentHash": "ZvYa+VDuk39EIqyOZ/IMFSRd/N54zFBnDFmDagFBJt21vZZnSG6l/3CkJX3DvmYmuf5Byj9w7Xf46mkWuur4LQ==",
        "dependencies": {
          "Microsoft.TestPlatform.ObjectModel": "17.13.0",
          "Microsoft.Testing.Extensions.Telemetry": "1.6.2",
          "Microsoft.Testing.Extensions.TrxReport.Abstractions": "1.6.2",
          "Microsoft.Testing.Platform": "1.6.2"
        }
      },
      "Microsoft.Testing.Platform": {
        "type": "Transitive",
        "resolved": "1.6.2",
        "contentHash": "7CFJKN3An5Ra6YOrTCAi7VldSRTxGGokqC0NSNrpKTKO6NJJby10EWwnqV/v2tawcRzfSbLpKNpvBv7s7ZoD3Q=="
      },
      "Microsoft.Testing.Platform.MSBuild": {
        "type": "Transitive",
        "resolved": "1.6.2",
        "contentHash": "tF5UgrXh0b0F8N11uWfaZT91v5QvuTZDwWP19GDMHPalWFKfmlix92xExo7cotJDoAK+bzljLK0S0XJuigYLbA==",
        "dependencies": {
          "Microsoft.Testing.Platform": "1.6.2"
        }
      },
      "Microsoft.TestPlatform.ObjectModel": {
        "type": "Transitive",
        "resolved": "17.13.0",
        "contentHash": "bt0E0Dx+iqW97o4A59RCmUmz/5NarJ7LRL+jXbSHod72ibL5XdNm1Ke+UO5tFhBG4VwHLcSjqq9BUSblGNWamw=="
      },
      "Microsoft.TestPlatform.TestHost": {
        "type": "Transitive",
        "resolved": "17.13.0",
        "contentHash": "9GGw08Dc3AXspjekdyTdZ/wYWFlxbgcF0s7BKxzVX+hzAwpifDOdxM+ceVaaJSQOwqt3jtuNlHn3XTpKUS9x9Q==",
        "dependencies": {
          "Microsoft.TestPlatform.ObjectModel": "17.13.0",
          "Newtonsoft.Json": "13.0.1"
        }
      },
      "MSTest.Analyzers": {
        "type": "Transitive",
        "resolved": "3.8.2",
        "contentHash": "ODWteXvnMEgCoZl1vAi2lOFIFFJSZkyQoQB9AFwBEUrzgJpy5J4ml3jLye4n85TA7gd+Qg2eWtqkvyEunB7B0g=="
      },
      "Newtonsoft.Json": {
        "type": "Transitive",
        "resolved": "13.0.1",
        "contentHash": "ppPFpBcvxdsfUonNcvITKqLl3bqxWbDCZIzDWHzjpdAHRFfZe0Dw9HmA0+za13IdyrgJwpkDTDA9fHaxOrt20A=="
      },
      "clientapp": {
        "type": "Project",
        "dependencies": {
          "CommunityToolkit.Maui": "[9.1.1, )",
          "CommunityToolkit.Mvvm": "[8.3.2, )",
          "Google.Protobuf": "[3.29.3, )",
          "Grpc.Net.Client": "[2.67.0, )",
          "IdentityModel": "[7.0.0, )",
          "IdentityModel.OidcClient": "[6.0.0, )",
          "Microsoft.Extensions.Logging.Debug": "[9.0.0, )",
          "Microsoft.Maui.Controls": "[9.0.30, )",
          "Microsoft.Maui.Controls.Compatibility": "[9.0.30, )",
          "Microsoft.Maui.Controls.Maps": "[9.0.30, )"
        }
      }
    }
  }
}